
Microsoft Visual Studio Solution File, Format Version 12.00
# Visual Studio Version 16
VisualStudioVersion = 16.0.34114.132
MinimumVisualStudioVersion = 10.0.40219.1
Project("{FAE04EC0-301F-11D3-BF4B-00C04F79EFBC}") = "BCGdv", "WebApplication3\BCGdv.csproj", "{ED1CFF22-E614-4B0D-983F-E8A983972F4E}"
EndProject
Global
	GlobalSection(SolutionConfigurationPlatforms) = preSolution
		Debug|Any CPU = Debug|Any CPU
		Release|Any CPU = Release|Any CPU
	EndGlobalSection
	GlobalSection(ProjectConfigurationPlatforms) = postSolution
		{ED1CFF22-E614-4B0D-983F-E8A983972F4E}.Debug|Any CPU.ActiveCfg = Debug|Any CPU
		{ED1CFF22-E614-4B0D-983F-E8A983972F4E}.Debug|Any CPU.Build.0 = Debug|Any CPU
		{ED1CFF22-E614-4B0D-983F-E8A983972F4E}.Release|Any CPU.ActiveCfg = Release|Any CPU
		{ED1CFF22-E614-4B0D-983F-E8A983972F4E}.Release|Any CPU.Build.0 = Release|Any CPU
	EndGlobalSection
	GlobalSection(SolutionProperties) = preSolution
		HideSolutionNode = FALSE
	EndGlobalSection
	GlobalSection(ExtensibilityGlobals) = postSolution
		SolutionGuid = {EE9C4DAE-1B72-4C30-8F18-6F00D17FE0DC}
	EndGlobalSection
EndGlobal
